
Microsoft Visual Studio Solution File, Format Version 12.00
# Visual Studio 14
VisualStudioVersion = 14.0.25402.0
MinimumVisualStudioVersion = 10.0.40219.1
Project("{FAE04EC0-301F-11D3-BF4B-00C04F79EFBC}") = "ModernApplicationFramework_DemoTool", "src\Demos\MAF_DemoTool\ModernApplicationFramework_DemoTool.csproj", "{B888A0AB-20AF-4D14-866F-E4941C3302A9}"
EndProject
Project("{2150E333-8FDC-42A3-9474-1A3956D46DE8}") = "Demos", "Demos", "{E3E5F0EA-6F57-4C1E-94E8-E978AA2516B6}"
EndProject
Project("{2150E333-8FDC-42A3-9474-1A3956D46DE8}") = "Main", "Main", "{6980BAA7-B5CA-43A6-8AE3-2C6CB0268465}"
EndProject
Project("{FAE04EC0-301F-11D3-BF4B-00C04F79EFBC}") = "ForcesOfCorruptionModdingTool", "src\Main\ForcesOfCorruptionModdingTool\ForcesOfCorruptionModdingTool.csproj", "{E1C37EEF-A6A3-414A-9D29-94A417550531}"
EndProject
Project("{FAE04EC0-301F-11D3-BF4B-00C04F79EFBC}") = "ModernApplicationFramework_MVVM_ComponentDemo", "src\Demos\ModernApplicationFramework_MVVM_ComponentDemo\ModernApplicationFramework_MVVM_ComponentDemo.csproj", "{EA833039-65DF-4C9A-BF67-E25671DBBCCA}"
EndProject
Project("{FAE04EC0-301F-11D3-BF4B-00C04F79EFBC}") = "ForcesOfCorruptionModdingTool.EditorCore", "src\Main\ForcesOfCorruptionModdingTool.EditorCore\ForcesOfCorruptionModdingTool.EditorCore.csproj", "{F098FC86-6636-421A-91EB-E47FB31B4285}"
EndProject
Project("{FAE04EC0-301F-11D3-BF4B-00C04F79EFBC}") = "ForcesOfCorruptionModdingTool.Modules", "src\Main\ForcesOfCorruptionModdingTool.Modules\ForcesOfCorruptionModdingTool.Modules.csproj", "{857E707B-3C52-43C2-86BE-33F29BC9A46D}"
EndProject
Project("{FAE04EC0-301F-11D3-BF4B-00C04F79EFBC}") = "AlomoEngine", "src\Main\AlomoEngine\AlomoEngine.csproj", "{F6D91BD5-F78D-4E3D-9922-BF3177D86D65}"
EndProject
Project("{2150E333-8FDC-42A3-9474-1A3956D46DE8}") = "Tests", "Tests", "{0CE679D0-9586-4AA2-BB71-885C6E519681}"
EndProject
Project("{FAE04EC0-301F-11D3-BF4B-00C04F79EFBC}") = "XmlValidatorTest", "src\Tests\XmlValidatorTest\XmlValidatorTest.csproj", "{65AF5A9B-2C4A-401D-B6EF-91B89743B9DD}"
EndProject
Project("{FAE04EC0-301F-11D3-BF4B-00C04F79EFBC}") = "EngineConverterTest", "src\Tests\EngineConverterTest\EngineConverterTest.csproj", "{83F9BAD1-9F77-45FF-8D67-43739CAC043F}"
EndProject
Project("{FAE04EC0-301F-11D3-BF4B-00C04F79EFBC}") = "AlomoEngine.Xml", "src\Main\AlomoEngine.Xml\AlomoEngine.Xml.csproj", "{1DC76BB2-F39B-4C23-A3BF-B12EC60067AA}"
EndProject
Project("{FAE04EC0-301F-11D3-BF4B-00C04F79EFBC}") = "ForcesOfCorruptionEnvironment.Objects", "src\Main\ForcesOfCorruptionEnvironment.Objects\ForcesOfCorruptionEnvironment.Objects.csproj", "{33C3610C-153E-4220-89C1-057F1867CE7D}"
EndProject
Project("{FAE04EC0-301F-11D3-BF4B-00C04F79EFBC}") = "AlomoEngine.Core", "src\Main\AlomoEngine.Core\AlomoEngine.Core.csproj", "{4B061BDB-EE61-4638-9BB2-44F260B5135E}"
EndProject
Project("{FAE04EC0-301F-11D3-BF4B-00C04F79EFBC}") = "AlomoEngine.Xml.DataTypes", "src\Main\AlomoEngine.DataTypes\AlomoEngine.Xml.DataTypes.csproj", "{C5915930-567D-433A-806D-EC60F5E3303F}"
EndProject
Project("{FAE04EC0-301F-11D3-BF4B-00C04F79EFBC}") = "ForcesOfCorruptionEnvironment", "src\Main\ForcesOfCorruptionEnvironment\ForcesOfCorruptionEnvironment.csproj", "{B8861772-A522-48A7-8F69-7EF51CFF1F96}"
EndProject
Project("{FAE04EC0-301F-11D3-BF4B-00C04F79EFBC}") = "ForcesOfCorruptionEnvironment.DataTypes", "src\Main\ForcesOfCorruptionEnvironment.DataTypes\ForcesOfCorruptionEnvironment.DataTypes.csproj", "{396B6844-C113-4E38-B693-A6FC19AF689D}"
EndProject
Global
	GlobalSection(SolutionConfigurationPlatforms) = preSolution
		Debug|Any CPU = Debug|Any CPU
		Debug|Default = Debug|Default
		Release|Any CPU = Release|Any CPU
		Release|Default = Release|Default
	EndGlobalSection
	GlobalSection(ProjectConfigurationPlatforms) = postSolution
		{B888A0AB-20AF-4D14-866F-E4941C3302A9}.Debug|Any CPU.ActiveCfg = Debug|Any CPU
		{B888A0AB-20AF-4D14-866F-E4941C3302A9}.Debug|Any CPU.Build.0 = Debug|Any CPU
		{B888A0AB-20AF-4D14-866F-E4941C3302A9}.Debug|Default.ActiveCfg = Debug|Any CPU
		{B888A0AB-20AF-4D14-866F-E4941C3302A9}.Release|Any CPU.ActiveCfg = Debug|Any CPU
		{B888A0AB-20AF-4D14-866F-E4941C3302A9}.Release|Default.ActiveCfg = Debug|Any CPU
		{E1C37EEF-A6A3-414A-9D29-94A417550531}.Debug|Any CPU.ActiveCfg = Debug|Any CPU
		{E1C37EEF-A6A3-414A-9D29-94A417550531}.Debug|Any CPU.Build.0 = Debug|Any CPU
		{E1C37EEF-A6A3-414A-9D29-94A417550531}.Debug|Default.ActiveCfg = Debug|Any CPU
		{E1C37EEF-A6A3-414A-9D29-94A417550531}.Release|Any CPU.ActiveCfg = Debug|Any CPU
		{E1C37EEF-A6A3-414A-9D29-94A417550531}.Release|Default.ActiveCfg = Debug|Any CPU
		{EA833039-65DF-4C9A-BF67-E25671DBBCCA}.Debug|Any CPU.ActiveCfg = Debug|Any CPU
		{EA833039-65DF-4C9A-BF67-E25671DBBCCA}.Debug|Any CPU.Build.0 = Debug|Any CPU
		{EA833039-65DF-4C9A-BF67-E25671DBBCCA}.Debug|Default.ActiveCfg = Debug|Any CPU
		{EA833039-65DF-4C9A-BF67-E25671DBBCCA}.Release|Any CPU.ActiveCfg = Debug|Any CPU
		{EA833039-65DF-4C9A-BF67-E25671DBBCCA}.Release|Default.ActiveCfg = Debug|Any CPU
		{F098FC86-6636-421A-91EB-E47FB31B4285}.Debug|Any CPU.ActiveCfg = Debug|Any CPU
		{F098FC86-6636-421A-91EB-E47FB31B4285}.Debug|Any CPU.Build.0 = Debug|Any CPU
		{F098FC86-6636-421A-91EB-E47FB31B4285}.Debug|Default.ActiveCfg = Debug|Any CPU
		{F098FC86-6636-421A-91EB-E47FB31B4285}.Release|Any CPU.ActiveCfg = Debug|Any CPU
		{F098FC86-6636-421A-91EB-E47FB31B4285}.Release|Default.ActiveCfg = Debug|Any CPU
		{857E707B-3C52-43C2-86BE-33F29BC9A46D}.Debug|Any CPU.ActiveCfg = Debug|Any CPU
		{857E707B-3C52-43C2-86BE-33F29BC9A46D}.Debug|Any CPU.Build.0 = Debug|Any CPU
		{857E707B-3C52-43C2-86BE-33F29BC9A46D}.Debug|Default.ActiveCfg = Debug|Any CPU
		{857E707B-3C52-43C2-86BE-33F29BC9A46D}.Release|Any CPU.ActiveCfg = Debug|Any CPU
		{857E707B-3C52-43C2-86BE-33F29BC9A46D}.Release|Default.ActiveCfg = Debug|Any CPU
		{F6D91BD5-F78D-4E3D-9922-BF3177D86D65}.Debug|Any CPU.ActiveCfg = Debug|Any CPU
		{F6D91BD5-F78D-4E3D-9922-BF3177D86D65}.Debug|Any CPU.Build.0 = Debug|Any CPU
		{F6D91BD5-F78D-4E3D-9922-BF3177D86D65}.Debug|Default.ActiveCfg = Debug|Any CPU
		{F6D91BD5-F78D-4E3D-9922-BF3177D86D65}.Release|Any CPU.ActiveCfg = Debug|Any CPU
		{F6D91BD5-F78D-4E3D-9922-BF3177D86D65}.Release|Default.ActiveCfg = Debug|Any CPU
		{65AF5A9B-2C4A-401D-B6EF-91B89743B9DD}.Debug|Any CPU.ActiveCfg = Debug|Any CPU
		{65AF5A9B-2C4A-401D-B6EF-91B89743B9DD}.Debug|Any CPU.Build.0 = Debug|Any CPU
		{65AF5A9B-2C4A-401D-B6EF-91B89743B9DD}.Debug|Default.ActiveCfg = Debug|Any CPU
		{65AF5A9B-2C4A-401D-B6EF-91B89743B9DD}.Release|Any CPU.ActiveCfg = Debug|Any CPU
		{65AF5A9B-2C4A-401D-B6EF-91B89743B9DD}.Release|Default.ActiveCfg = Debug|Any CPU
		{83F9BAD1-9F77-45FF-8D67-43739CAC043F}.Debug|Any CPU.ActiveCfg = Debug|Any CPU
		{83F9BAD1-9F77-45FF-8D67-43739CAC043F}.Debug|Any CPU.Build.0 = Debug|Any CPU
		{83F9BAD1-9F77-45FF-8D67-43739CAC043F}.Debug|Default.ActiveCfg = Debug|Any CPU
		{83F9BAD1-9F77-45FF-8D67-43739CAC043F}.Release|Any CPU.ActiveCfg = Debug|Any CPU
		{83F9BAD1-9F77-45FF-8D67-43739CAC043F}.Release|Default.ActiveCfg = Debug|Any CPU
		{1DC76BB2-F39B-4C23-A3BF-B12EC60067AA}.Debug|Any CPU.ActiveCfg = Debug|Any CPU
		{1DC76BB2-F39B-4C23-A3BF-B12EC60067AA}.Debug|Any CPU.Build.0 = Debug|Any CPU
		{1DC76BB2-F39B-4C23-A3BF-B12EC60067AA}.Debug|Default.ActiveCfg = Debug|Any CPU
		{1DC76BB2-F39B-4C23-A3BF-B12EC60067AA}.Release|Any CPU.ActiveCfg = Debug|Any CPU
		{1DC76BB2-F39B-4C23-A3BF-B12EC60067AA}.Release|Default.ActiveCfg = Debug|Any CPU
		{33C3610C-153E-4220-89C1-057F1867CE7D}.Debug|Any CPU.ActiveCfg = Debug|Any CPU
		{33C3610C-153E-4220-89C1-057F1867CE7D}.Debug|Any CPU.Build.0 = Debug|Any CPU
		{33C3610C-153E-4220-89C1-057F1867CE7D}.Debug|Default.ActiveCfg = Debug|Any CPU
		{33C3610C-153E-4220-89C1-057F1867CE7D}.Release|Any CPU.ActiveCfg = Debug|Any CPU
		{33C3610C-153E-4220-89C1-057F1867CE7D}.Release|Default.ActiveCfg = Debug|Any CPU
		{4B061BDB-EE61-4638-9BB2-44F260B5135E}.Debug|Any CPU.ActiveCfg = Debug|Any CPU
		{4B061BDB-EE61-4638-9BB2-44F260B5135E}.Debug|Any CPU.Build.0 = Debug|Any CPU
		{4B061BDB-EE61-4638-9BB2-44F260B5135E}.Debug|Default.ActiveCfg = Debug|Any CPU
		{4B061BDB-EE61-4638-9BB2-44F260B5135E}.Release|Any CPU.ActiveCfg = Debug|Any CPU
		{4B061BDB-EE61-4638-9BB2-44F260B5135E}.Release|Default.ActiveCfg = Debug|Any CPU
		{C5915930-567D-433A-806D-EC60F5E3303F}.Debug|Any CPU.ActiveCfg = Debug|Any CPU
		{C5915930-567D-433A-806D-EC60F5E3303F}.Debug|Any CPU.Build.0 = Debug|Any CPU
		{C5915930-567D-433A-806D-EC60F5E3303F}.Debug|Default.ActiveCfg = Debug|Any CPU
		{C5915930-567D-433A-806D-EC60F5E3303F}.Release|Any CPU.ActiveCfg = Debug|Any CPU
		{C5915930-567D-433A-806D-EC60F5E3303F}.Release|Default.ActiveCfg = Debug|Any CPU
		{B8861772-A522-48A7-8F69-7EF51CFF1F96}.Debug|Any CPU.ActiveCfg = Debug|Any CPU
		{B8861772-A522-48A7-8F69-7EF51CFF1F96}.Debug|Any CPU.Build.0 = Debug|Any CPU
		{B8861772-A522-48A7-8F69-7EF51CFF1F96}.Debug|Default.ActiveCfg = Debug|Any CPU
		{B8861772-A522-48A7-8F69-7EF51CFF1F96}.Release|Any CPU.ActiveCfg = Debug|Any CPU
		{B8861772-A522-48A7-8F69-7EF51CFF1F96}.Release|Default.ActiveCfg = Debug|Any CPU
		{396B6844-C113-4E38-B693-A6FC19AF689D}.Debug|Any CPU.ActiveCfg = Debug|Any CPU
		{396B6844-C113-4E38-B693-A6FC19AF689D}.Debug|Any CPU.Build.0 = Debug|Any CPU
		{396B6844-C113-4E38-B693-A6FC19AF689D}.Debug|Default.ActiveCfg = Debug|Any CPU
		{396B6844-C113-4E38-B693-A6FC19AF689D}.Release|Any CPU.ActiveCfg = Debug|Any CPU
		{396B6844-C113-4E38-B693-A6FC19AF689D}.Release|Default.ActiveCfg = Debug|Any CPU
	EndGlobalSection
	GlobalSection(SolutionProperties) = preSolution
		HideSolutionNode = FALSE
	EndGlobalSection
	GlobalSection(NestedProjects) = preSolution
		{B888A0AB-20AF-4D14-866F-E4941C3302A9} = {E3E5F0EA-6F57-4C1E-94E8-E978AA2516B6}
		{E1C37EEF-A6A3-414A-9D29-94A417550531} = {6980BAA7-B5CA-43A6-8AE3-2C6CB0268465}
		{EA833039-65DF-4C9A-BF67-E25671DBBCCA} = {E3E5F0EA-6F57-4C1E-94E8-E978AA2516B6}
		{F098FC86-6636-421A-91EB-E47FB31B4285} = {6980BAA7-B5CA-43A6-8AE3-2C6CB0268465}
		{857E707B-3C52-43C2-86BE-33F29BC9A46D} = {6980BAA7-B5CA-43A6-8AE3-2C6CB0268465}
		{F6D91BD5-F78D-4E3D-9922-BF3177D86D65} = {6980BAA7-B5CA-43A6-8AE3-2C6CB0268465}
		{65AF5A9B-2C4A-401D-B6EF-91B89743B9DD} = {0CE679D0-9586-4AA2-BB71-885C6E519681}
		{83F9BAD1-9F77-45FF-8D67-43739CAC043F} = {0CE679D0-9586-4AA2-BB71-885C6E519681}
		{1DC76BB2-F39B-4C23-A3BF-B12EC60067AA} = {6980BAA7-B5CA-43A6-8AE3-2C6CB0268465}
		{33C3610C-153E-4220-89C1-057F1867CE7D} = {6980BAA7-B5CA-43A6-8AE3-2C6CB0268465}
		{4B061BDB-EE61-4638-9BB2-44F260B5135E} = {6980BAA7-B5CA-43A6-8AE3-2C6CB0268465}
		{C5915930-567D-433A-806D-EC60F5E3303F} = {6980BAA7-B5CA-43A6-8AE3-2C6CB0268465}
		{B8861772-A522-48A7-8F69-7EF51CFF1F96} = {6980BAA7-B5CA-43A6-8AE3-2C6CB0268465}
		{396B6844-C113-4E38-B693-A6FC19AF689D} = {6980BAA7-B5CA-43A6-8AE3-2C6CB0268465}
	EndGlobalSection
	GlobalSection(SolutionConfigurationPlatforms) = preSolution
		Debug|Any CPU = Debug|Any CPU
		Debug|Default = Debug|Default
		Release|Any CPU = Release|Any CPU
		Release|Default = Release|Default
	EndGlobalSection
	GlobalSection(SolutionConfigurationPlatforms) = preSolution
		Debug|Any CPU = Debug|Any CPU
		Debug|Default = Debug|Default
		Release|Any CPU = Release|Any CPU
		Release|Default = Release|Default
	EndGlobalSection
EndGlobal
